
Microsoft Visual Studio Solution File, Format Version 12.00
# Visual Studio 2012
Project("{FAE04EC0-301F-11D3-BF4B-00C04F79EFBC}") = "Jogo-BackOffice", "Jogo-BackOffice\Jogo-BackOffice.csproj", "{38FEC019-D666-443D-9C44-00E514A0E923}"
EndProject
Global
	GlobalSection(SolutionConfigurationPlatforms) = preSolution
		Debug|Any CPU = Debug|Any CPU
		Release|Any CPU = Release|Any CPU
	EndGlobalSection
	GlobalSection(ProjectConfigurationPlatforms) = postSolution
		{38FEC019-D666-443D-9C44-00E514A0E923}.Debug|Any CPU.ActiveCfg = Debug|Any CPU
		{38FEC019-D666-443D-9C44-00E514A0E923}.Debug|Any CPU.Build.0 = Debug|Any CPU
		{38FEC019-D666-443D-9C44-00E514A0E923}.Release|Any CPU.ActiveCfg = Release|Any CPU
		{38FEC019-D666-443D-9C44-00E514A0E923}.Release|Any CPU.Build.0 = Release|Any CPU
	EndGlobalSection
	GlobalSection(SolutionProperties) = preSolution
		HideSolutionNode = FALSE
	EndGlobalSection
EndGlobal
